
Microsoft Visual Studio Solution File, Format Version 12.00
# Visual Studio Version 17
VisualStudioVersion = 17.13.35931.197 d17.13
MinimumVisualStudioVersion = 10.0.40219.1
Project("{FAE04EC0-301F-11D3-BF4B-00C04F79EFBC}") = "DeltaLifeInsurance", "DeltaLifeInsurance\DeltaLifeInsurance.csproj", "{F8EA633B-1D3F-483B-A0AA-C0624867FED6}"
EndProject
Global
	GlobalSection(SolutionConfigurationPlatforms) = preSolution
		Debug|Any CPU = Debug|Any CPU
		Release|Any CPU = Release|Any CPU
	EndGlobalSection
	GlobalSection(ProjectConfigurationPlatforms) = postSolution
		{F8EA633B-1D3F-483B-A0AA-C0624867FED6}.Debug|Any CPU.ActiveCfg = Debug|Any CPU
		{F8EA633B-1D3F-483B-A0AA-C0624867FED6}.Debug|Any CPU.Build.0 = Debug|Any CPU
		{F8EA633B-1D3F-483B-A0AA-C0624867FED6}.Release|Any CPU.ActiveCfg = Release|Any CPU
		{F8EA633B-1D3F-483B-A0AA-C0624867FED6}.Release|Any CPU.Build.0 = Release|Any CPU
	EndGlobalSection
	GlobalSection(SolutionProperties) = preSolution
		HideSolutionNode = FALSE
	EndGlobalSection
	GlobalSection(ExtensibilityGlobals) = postSolution
		SolutionGuid = {B0286BA5-6F7E-45B7-A047-49B0020770B4}
	EndGlobalSection
EndGlobal
